// !$*UTF8*$!
{
	archiveVersion = 1;
	classes = {
	};
	objectVersion = 56;
	objects = {

/* Begin PBXBuildFile section */
		84DC8D7729F29A5E0024C22A /* RandomEmojiMapper.swift in Sources */ = {isa = PBXBuildFile; fileRef = 84DC8D7629F29A5E0024C22A /* RandomEmojiMapper.swift */; };
		84DC8D7A29F29A830024C22A /* MappingError.swift in Sources */ = {isa = PBXBuildFile; fileRef = 84DC8D7929F29A830024C22A /* MappingError.swift */; };
		84DC8D7D29F29E2D0024C22A /* UnicodeMapper.swift in Sources */ = {isa = PBXBuildFile; fileRef = 84DC8D7C29F29E2D0024C22A /* UnicodeMapper.swift */; };
		84DC8D8029F29F5E0024C22A /* RandomEmojiViewModelTests.swift in Sources */ = {isa = PBXBuildFile; fileRef = 84DC8D7F29F29F5E0024C22A /* RandomEmojiViewModelTests.swift */; };
		84DC8D8329F2AA980024C22A /* RandomEmojiViewModel.swift in Sources */ = {isa = PBXBuildFile; fileRef = 84DC8D8229F2AA980024C22A /* RandomEmojiViewModel.swift */; };
		84ECB52929EECBA4009CC648 /* Emoji.swift in Sources */ = {isa = PBXBuildFile; fileRef = 84ECB52829EECBA4009CC648 /* Emoji.swift */; };
		84ECB53629EED094009CC648 /* APIServiceEndToEndTests.swift in Sources */ = {isa = PBXBuildFile; fileRef = 84ECB53529EED094009CC648 /* APIServiceEndToEndTests.swift */; };
		84ECB53E29F001BC009CC648 /* APIService.swift in Sources */ = {isa = PBXBuildFile; fileRef = 84ECB53D29F001BC009CC648 /* APIService.swift */; };
		84ECB54029F001C8009CC648 /* URLSessionAPIService.swift in Sources */ = {isa = PBXBuildFile; fileRef = 84ECB53F29F001C8009CC648 /* URLSessionAPIService.swift */; };
		84ECB56129F00C4E009CC648 /* RandomEmojiEndpointTests.swift in Sources */ = {isa = PBXBuildFile; fileRef = 84ECB56029F00C4E009CC648 /* RandomEmojiEndpointTests.swift */; };
		84ECB56529F00DD6009CC648 /* RandomEmojiEndpoint.swift in Sources */ = {isa = PBXBuildFile; fileRef = 84ECB56429F00DD6009CC648 /* RandomEmojiEndpoint.swift */; };
		84ECB56729F00E48009CC648 /* RandomEmojiMapperTests.swift in Sources */ = {isa = PBXBuildFile; fileRef = 84ECB56629F00E48009CC648 /* RandomEmojiMapperTests.swift */; };
		C63B66F729EBFF84007A9C85 /* EmojiAppApp.swift in Sources */ = {isa = PBXBuildFile; fileRef = C63B66F629EBFF84007A9C85 /* EmojiAppApp.swift */; };
		C63B66F929EBFF84007A9C85 /* ContentView.swift in Sources */ = {isa = PBXBuildFile; fileRef = C63B66F829EBFF84007A9C85 /* ContentView.swift */; };
		C63B66FB29EBFF85007A9C85 /* Assets.xcassets in Resources */ = {isa = PBXBuildFile; fileRef = C63B66FA29EBFF85007A9C85 /* Assets.xcassets */; };
		C63B66FF29EBFF85007A9C85 /* Preview Assets.xcassets in Resources */ = {isa = PBXBuildFile; fileRef = C63B66FE29EBFF85007A9C85 /* Preview Assets.xcassets */; };
		C63B670C29EBFF96007A9C85 /* UnicodeScalarTests.swift in Sources */ = {isa = PBXBuildFile; fileRef = C63B670B29EBFF96007A9C85 /* UnicodeScalarTests.swift */; };
/* End PBXBuildFile section */

/* Begin PBXContainerItemProxy section */
		84ECB53729EED094009CC648 /* PBXContainerItemProxy */ = {
			isa = PBXContainerItemProxy;
			containerPortal = C63B66EB29EBFF84007A9C85 /* Project object */;
			proxyType = 1;
			remoteGlobalIDString = C63B66F229EBFF84007A9C85;
			remoteInfo = EmojiApp;
		};
		C63B670D29EBFF96007A9C85 /* PBXContainerItemProxy */ = {
			isa = PBXContainerItemProxy;
			containerPortal = C63B66EB29EBFF84007A9C85 /* Project object */;
			proxyType = 1;
			remoteGlobalIDString = C63B66F229EBFF84007A9C85;
			remoteInfo = EmojiApp;
		};
/* End PBXContainerItemProxy section */

/* Begin PBXFileReference section */
		84DC8D7629F29A5E0024C22A /* RandomEmojiMapper.swift */ = {isa = PBXFileReference; lastKnownFileType = sourcecode.swift; path = RandomEmojiMapper.swift; sourceTree = "<group>"; };
		84DC8D7929F29A830024C22A /* MappingError.swift */ = {isa = PBXFileReference; lastKnownFileType = sourcecode.swift; path = MappingError.swift; sourceTree = "<group>"; };
		84DC8D7C29F29E2D0024C22A /* UnicodeMapper.swift */ = {isa = PBXFileReference; lastKnownFileType = sourcecode.swift; path = UnicodeMapper.swift; sourceTree = "<group>"; };
		84DC8D7F29F29F5E0024C22A /* RandomEmojiViewModelTests.swift */ = {isa = PBXFileReference; lastKnownFileType = sourcecode.swift; path = RandomEmojiViewModelTests.swift; sourceTree = "<group>"; };
		84DC8D8229F2AA980024C22A /* RandomEmojiViewModel.swift */ = {isa = PBXFileReference; lastKnownFileType = sourcecode.swift; path = RandomEmojiViewModel.swift; sourceTree = "<group>"; };
		84ECB52829EECBA4009CC648 /* Emoji.swift */ = {isa = PBXFileReference; lastKnownFileType = sourcecode.swift; path = Emoji.swift; sourceTree = "<group>"; };
		84ECB53329EED094009CC648 /* APIServiceEndToEndTests.xctest */ = {isa = PBXFileReference; explicitFileType = wrapper.cfbundle; includeInIndex = 0; path = APIServiceEndToEndTests.xctest; sourceTree = BUILT_PRODUCTS_DIR; };
		84ECB53529EED094009CC648 /* APIServiceEndToEndTests.swift */ = {isa = PBXFileReference; lastKnownFileType = sourcecode.swift; path = APIServiceEndToEndTests.swift; sourceTree = "<group>"; };
		84ECB53D29F001BC009CC648 /* APIService.swift */ = {isa = PBXFileReference; lastKnownFileType = sourcecode.swift; path = APIService.swift; sourceTree = "<group>"; };
		84ECB53F29F001C8009CC648 /* URLSessionAPIService.swift */ = {isa = PBXFileReference; lastKnownFileType = sourcecode.swift; path = URLSessionAPIService.swift; sourceTree = "<group>"; };
		84ECB56029F00C4E009CC648 /* RandomEmojiEndpointTests.swift */ = {isa = PBXFileReference; lastKnownFileType = sourcecode.swift; path = RandomEmojiEndpointTests.swift; sourceTree = "<group>"; };
		84ECB56429F00DD6009CC648 /* RandomEmojiEndpoint.swift */ = {isa = PBXFileReference; lastKnownFileType = sourcecode.swift; path = RandomEmojiEndpoint.swift; sourceTree = "<group>"; };
		84ECB56629F00E48009CC648 /* RandomEmojiMapperTests.swift */ = {isa = PBXFileReference; lastKnownFileType = sourcecode.swift; path = RandomEmojiMapperTests.swift; sourceTree = "<group>"; };
		C63B66F329EBFF84007A9C85 /* EmojiApp.app */ = {isa = PBXFileReference; explicitFileType = wrapper.application; includeInIndex = 0; path = EmojiApp.app; sourceTree = BUILT_PRODUCTS_DIR; };
		C63B66F629EBFF84007A9C85 /* EmojiAppApp.swift */ = {isa = PBXFileReference; lastKnownFileType = sourcecode.swift; path = EmojiAppApp.swift; sourceTree = "<group>"; };
		C63B66F829EBFF84007A9C85 /* ContentView.swift */ = {isa = PBXFileReference; lastKnownFileType = sourcecode.swift; path = ContentView.swift; sourceTree = "<group>"; };
		C63B66FA29EBFF85007A9C85 /* Assets.xcassets */ = {isa = PBXFileReference; lastKnownFileType = folder.assetcatalog; path = Assets.xcassets; sourceTree = "<group>"; };
		C63B66FC29EBFF85007A9C85 /* EmojiApp.entitlements */ = {isa = PBXFileReference; lastKnownFileType = text.plist.entitlements; path = EmojiApp.entitlements; sourceTree = "<group>"; };
		C63B66FE29EBFF85007A9C85 /* Preview Assets.xcassets */ = {isa = PBXFileReference; lastKnownFileType = folder.assetcatalog; path = "Preview Assets.xcassets"; sourceTree = "<group>"; };
		C63B670929EBFF96007A9C85 /* EmojiAppTests.xctest */ = {isa = PBXFileReference; explicitFileType = wrapper.cfbundle; includeInIndex = 0; path = EmojiAppTests.xctest; sourceTree = BUILT_PRODUCTS_DIR; };
		C63B670B29EBFF96007A9C85 /* UnicodeScalarTests.swift */ = {isa = PBXFileReference; lastKnownFileType = sourcecode.swift; path = UnicodeScalarTests.swift; sourceTree = "<group>"; };
/* End PBXFileReference section */

/* Begin PBXFrameworksBuildPhase section */
		84ECB53029EED094009CC648 /* Frameworks */ = {
			isa = PBXFrameworksBuildPhase;
			buildActionMask = 2147483647;
			files = (
			);
			runOnlyForDeploymentPostprocessing = 0;
		};
		C63B66F029EBFF84007A9C85 /* Frameworks */ = {
			isa = PBXFrameworksBuildPhase;
			buildActionMask = 2147483647;
			files = (
			);
			runOnlyForDeploymentPostprocessing = 0;
		};
		C63B670629EBFF96007A9C85 /* Frameworks */ = {
			isa = PBXFrameworksBuildPhase;
			buildActionMask = 2147483647;
			files = (
			);
			runOnlyForDeploymentPostprocessing = 0;
		};
/* End PBXFrameworksBuildPhase section */

/* Begin PBXGroup section */
		84DC8D7829F29A790024C22A /* Domain */ = {
			isa = PBXGroup;
			children = (
				84DC8D7929F29A830024C22A /* MappingError.swift */,
				84DC8D7C29F29E2D0024C22A /* UnicodeMapper.swift */,
			);
			path = Domain;
			sourceTree = "<group>";
		};
		84DC8D7B29F29B600024C22A /* API */ = {
			isa = PBXGroup;
			children = (
				84ECB56029F00C4E009CC648 /* RandomEmojiEndpointTests.swift */,
				84ECB56629F00E48009CC648 /* RandomEmojiMapperTests.swift */,
			);
			path = API;
			sourceTree = "<group>";
		};
		84DC8D7E29F29F540024C22A /* Presentation */ = {
			isa = PBXGroup;
			children = (
				84DC8D7F29F29F5E0024C22A /* RandomEmojiViewModelTests.swift */,
			);
			path = Presentation;
			sourceTree = "<group>";
		};
		84DC8D8129F2AA930024C22A /* Presentation */ = {
			isa = PBXGroup;
			children = (
				84DC8D8229F2AA980024C22A /* RandomEmojiViewModel.swift */,
			);
			path = Presentation;
			sourceTree = "<group>";
		};
		84ECB52729EECB6E009CC648 /* Models */ = {
			isa = PBXGroup;
			children = (
				84ECB52829EECBA4009CC648 /* Emoji.swift */,
			);
			path = Models;
			sourceTree = "<group>";
		};
		84ECB53429EED094009CC648 /* APIServiceEndToEndTests */ = {
			isa = PBXGroup;
			children = (
				84ECB53529EED094009CC648 /* APIServiceEndToEndTests.swift */,
			);
			path = APIServiceEndToEndTests;
			sourceTree = "<group>";
		};
		84ECB53C29F001B1009CC648 /* APIService */ = {
			isa = PBXGroup;
			children = (
				84ECB53D29F001BC009CC648 /* APIService.swift */,
				84ECB54129F002D5009CC648 /* Infrastructure */,
			);
			path = APIService;
			sourceTree = "<group>";
		};
		84ECB54129F002D5009CC648 /* Infrastructure */ = {
			isa = PBXGroup;
			children = (
				84ECB53F29F001C8009CC648 /* URLSessionAPIService.swift */,
			);
			path = Infrastructure;
			sourceTree = "<group>";
		};
		84ECB56229F00DC2009CC648 /* RandomEmojiFeature */ = {
			isa = PBXGroup;
			children = (
				84DC8D8129F2AA930024C22A /* Presentation */,
				84DC8D7829F29A790024C22A /* Domain */,
				84ECB52729EECB6E009CC648 /* Models */,
				84ECB56329F00DD0009CC648 /* API */,
			);
			path = RandomEmojiFeature;
			sourceTree = "<group>";
		};
		84ECB56329F00DD0009CC648 /* API */ = {
			isa = PBXGroup;
			children = (
				84ECB56429F00DD6009CC648 /* RandomEmojiEndpoint.swift */,
				84DC8D7629F29A5E0024C22A /* RandomEmojiMapper.swift */,
			);
			path = API;
			sourceTree = "<group>";
		};
		C63B66EA29EBFF84007A9C85 = {
			isa = PBXGroup;
			children = (
				C63B66F529EBFF84007A9C85 /* EmojiApp */,
				C63B670A29EBFF96007A9C85 /* EmojiAppTests */,
				84ECB53429EED094009CC648 /* APIServiceEndToEndTests */,
				C63B66F429EBFF84007A9C85 /* Products */,
			);
			sourceTree = "<group>";
		};
		C63B66F429EBFF84007A9C85 /* Products */ = {
			isa = PBXGroup;
			children = (
				C63B66F329EBFF84007A9C85 /* EmojiApp.app */,
				C63B670929EBFF96007A9C85 /* EmojiAppTests.xctest */,
				84ECB53329EED094009CC648 /* APIServiceEndToEndTests.xctest */,
			);
			name = Products;
			sourceTree = "<group>";
		};
		C63B66F529EBFF84007A9C85 /* EmojiApp */ = {
			isa = PBXGroup;
			children = (
				84ECB56229F00DC2009CC648 /* RandomEmojiFeature */,
				84ECB53C29F001B1009CC648 /* APIService */,
				C63B66F629EBFF84007A9C85 /* EmojiAppApp.swift */,
				C63B66F829EBFF84007A9C85 /* ContentView.swift */,
				C63B66FA29EBFF85007A9C85 /* Assets.xcassets */,
				C63B66FC29EBFF85007A9C85 /* EmojiApp.entitlements */,
				C63B66FD29EBFF85007A9C85 /* Preview Content */,
			);
			path = EmojiApp;
			sourceTree = "<group>";
		};
		C63B66FD29EBFF85007A9C85 /* Preview Content */ = {
			isa = PBXGroup;
			children = (
				C63B66FE29EBFF85007A9C85 /* Preview Assets.xcassets */,
			);
			path = "Preview Content";
			sourceTree = "<group>";
		};
		C63B670A29EBFF96007A9C85 /* EmojiAppTests */ = {
			isa = PBXGroup;
			children = (
				C63B670B29EBFF96007A9C85 /* UnicodeScalarTests.swift */,
				84DC8D7B29F29B600024C22A /* API */,
				84DC8D7E29F29F540024C22A /* Presentation */,
			);
			path = EmojiAppTests;
			sourceTree = "<group>";
		};
/* End PBXGroup section */

/* Begin PBXNativeTarget section */
		84ECB53229EED094009CC648 /* APIServiceEndToEndTests */ = {
			isa = PBXNativeTarget;
			buildConfigurationList = 84ECB53929EED094009CC648 /* Build configuration list for PBXNativeTarget "APIServiceEndToEndTests" */;
			buildPhases = (
				84ECB52F29EED094009CC648 /* Sources */,
				84ECB53029EED094009CC648 /* Frameworks */,
				84ECB53129EED094009CC648 /* Resources */,
			);
			buildRules = (
			);
			dependencies = (
				84ECB53829EED094009CC648 /* PBXTargetDependency */,
			);
			name = APIServiceEndToEndTests;
			productName = APIServiceEndToEndTests;
			productReference = 84ECB53329EED094009CC648 /* APIServiceEndToEndTests.xctest */;
			productType = "com.apple.product-type.bundle.unit-test";
		};
		C63B66F229EBFF84007A9C85 /* EmojiApp */ = {
			isa = PBXNativeTarget;
			buildConfigurationList = C63B670229EBFF85007A9C85 /* Build configuration list for PBXNativeTarget "EmojiApp" */;
			buildPhases = (
				C63B66EF29EBFF84007A9C85 /* Sources */,
				C63B66F029EBFF84007A9C85 /* Frameworks */,
				C63B66F129EBFF84007A9C85 /* Resources */,
			);
			buildRules = (
			);
			dependencies = (
			);
			name = EmojiApp;
			productName = EmojiApp;
			productReference = C63B66F329EBFF84007A9C85 /* EmojiApp.app */;
			productType = "com.apple.product-type.application";
		};
		C63B670829EBFF96007A9C85 /* EmojiAppTests */ = {
			isa = PBXNativeTarget;
			buildConfigurationList = C63B670F29EBFF96007A9C85 /* Build configuration list for PBXNativeTarget "EmojiAppTests" */;
			buildPhases = (
				C63B670529EBFF96007A9C85 /* Sources */,
				C63B670629EBFF96007A9C85 /* Frameworks */,
				C63B670729EBFF96007A9C85 /* Resources */,
			);
			buildRules = (
			);
			dependencies = (
				C63B670E29EBFF96007A9C85 /* PBXTargetDependency */,
			);
			name = EmojiAppTests;
			productName = EmojiAppTests;
			productReference = C63B670929EBFF96007A9C85 /* EmojiAppTests.xctest */;
			productType = "com.apple.product-type.bundle.unit-test";
		};
/* End PBXNativeTarget section */

/* Begin PBXProject section */
		C63B66EB29EBFF84007A9C85 /* Project object */ = {
			isa = PBXProject;
			attributes = {
				BuildIndependentTargetsInParallel = 1;
				LastSwiftUpdateCheck = 1420;
				LastUpgradeCheck = 1420;
				TargetAttributes = {
					84ECB53229EED094009CC648 = {
						CreatedOnToolsVersion = 14.2;
						TestTargetID = C63B66F229EBFF84007A9C85;
					};
					C63B66F229EBFF84007A9C85 = {
						CreatedOnToolsVersion = 14.2;
					};
					C63B670829EBFF96007A9C85 = {
						CreatedOnToolsVersion = 14.2;
						TestTargetID = C63B66F229EBFF84007A9C85;
					};
				};
			};
			buildConfigurationList = C63B66EE29EBFF84007A9C85 /* Build configuration list for PBXProject "EmojiApp" */;
			compatibilityVersion = "Xcode 14.0";
			developmentRegion = en;
			hasScannedForEncodings = 0;
			knownRegions = (
				en,
				Base,
			);
			mainGroup = C63B66EA29EBFF84007A9C85;
			productRefGroup = C63B66F429EBFF84007A9C85 /* Products */;
			projectDirPath = "";
			projectRoot = "";
			targets = (
				C63B66F229EBFF84007A9C85 /* EmojiApp */,
				C63B670829EBFF96007A9C85 /* EmojiAppTests */,
				84ECB53229EED094009CC648 /* APIServiceEndToEndTests */,
			);
		};
/* End PBXProject section */

/* Begin PBXResourcesBuildPhase section */
		84ECB53129EED094009CC648 /* Resources */ = {
			isa = PBXResourcesBuildPhase;
			buildActionMask = 2147483647;
			files = (
			);
			runOnlyForDeploymentPostprocessing = 0;
		};
		C63B66F129EBFF84007A9C85 /* Resources */ = {
			isa = PBXResourcesBuildPhase;
			buildActionMask = 2147483647;
			files = (
				C63B66FF29EBFF85007A9C85 /* Preview Assets.xcassets in Resources */,
				C63B66FB29EBFF85007A9C85 /* Assets.xcassets in Resources */,
			);
			runOnlyForDeploymentPostprocessing = 0;
		};
		C63B670729EBFF96007A9C85 /* Resources */ = {
			isa = PBXResourcesBuildPhase;
			buildActionMask = 2147483647;
			files = (
			);
			runOnlyForDeploymentPostprocessing = 0;
		};
/* End PBXResourcesBuildPhase section */

/* Begin PBXSourcesBuildPhase section */
		84ECB52F29EED094009CC648 /* Sources */ = {
			isa = PBXSourcesBuildPhase;
			buildActionMask = 2147483647;
			files = (
				84ECB53629EED094009CC648 /* APIServiceEndToEndTests.swift in Sources */,
			);
			runOnlyForDeploymentPostprocessing = 0;
		};
		C63B66EF29EBFF84007A9C85 /* Sources */ = {
			isa = PBXSourcesBuildPhase;
			buildActionMask = 2147483647;
			files = (
				84DC8D8329F2AA980024C22A /* RandomEmojiViewModel.swift in Sources */,
				84ECB56529F00DD6009CC648 /* RandomEmojiEndpoint.swift in Sources */,
				84ECB52929EECBA4009CC648 /* Emoji.swift in Sources */,
				84DC8D7D29F29E2D0024C22A /* UnicodeMapper.swift in Sources */,
				C63B66F929EBFF84007A9C85 /* ContentView.swift in Sources */,
				84DC8D7A29F29A830024C22A /* MappingError.swift in Sources */,
				84ECB54029F001C8009CC648 /* URLSessionAPIService.swift in Sources */,
				84ECB53E29F001BC009CC648 /* APIService.swift in Sources */,
				84DC8D7729F29A5E0024C22A /* RandomEmojiMapper.swift in Sources */,
				C63B66F729EBFF84007A9C85 /* EmojiAppApp.swift in Sources */,
			);
			runOnlyForDeploymentPostprocessing = 0;
		};
		C63B670529EBFF96007A9C85 /* Sources */ = {
			isa = PBXSourcesBuildPhase;
			buildActionMask = 2147483647;
			files = (
				C63B670C29EBFF96007A9C85 /* UnicodeScalarTests.swift in Sources */,
				84ECB56129F00C4E009CC648 /* RandomEmojiEndpointTests.swift in Sources */,
				84ECB56729F00E48009CC648 /* RandomEmojiMapperTests.swift in Sources */,
				84DC8D8029F29F5E0024C22A /* RandomEmojiViewModelTests.swift in Sources */,
			);
			runOnlyForDeploymentPostprocessing = 0;
		};
/* End PBXSourcesBuildPhase section */

/* Begin PBXTargetDependency section */
		84ECB53829EED094009CC648 /* PBXTargetDependency */ = {
			isa = PBXTargetDependency;
			target = C63B66F229EBFF84007A9C85 /* EmojiApp */;
			targetProxy = 84ECB53729EED094009CC648 /* PBXContainerItemProxy */;
		};
		C63B670E29EBFF96007A9C85 /* PBXTargetDependency */ = {
			isa = PBXTargetDependency;
			target = C63B66F229EBFF84007A9C85 /* EmojiApp */;
			targetProxy = C63B670D29EBFF96007A9C85 /* PBXContainerItemProxy */;
		};
/* End PBXTargetDependency section */

/* Begin XCBuildConfiguration section */
		84ECB53A29EED094009CC648 /* Debug */ = {
			isa = XCBuildConfiguration;
			buildSettings = {
				BUNDLE_LOADER = "$(TEST_HOST)";
				CODE_SIGN_STYLE = Automatic;
				CURRENT_PROJECT_VERSION = 1;
				DEVELOPMENT_TEAM = C9XPG6AEKY;
				GENERATE_INFOPLIST_FILE = YES;
				IPHONEOS_DEPLOYMENT_TARGET = 16.2;
				MARKETING_VERSION = 1.0;
				PRODUCT_BUNDLE_IDENTIFIER = com.theappcompany.APIServiceEndToEndTests;
				PRODUCT_NAME = "$(TARGET_NAME)";
				SDKROOT = macosx;
				SWIFT_EMIT_LOC_STRINGS = NO;
				SWIFT_VERSION = 5.0;
				TARGETED_DEVICE_FAMILY = "1,2";
				TEST_HOST = "$(BUILT_PRODUCTS_DIR)/EmojiApp.app/$(BUNDLE_EXECUTABLE_FOLDER_PATH)/EmojiApp";
			};
			name = Debug;
		};
		84ECB53B29EED094009CC648 /* Release */ = {
			isa = XCBuildConfiguration;
			buildSettings = {
				BUNDLE_LOADER = "$(TEST_HOST)";
				CODE_SIGN_STYLE = Automatic;
				CURRENT_PROJECT_VERSION = 1;
				DEVELOPMENT_TEAM = C9XPG6AEKY;
				GENERATE_INFOPLIST_FILE = YES;
				IPHONEOS_DEPLOYMENT_TARGET = 16.2;
				MARKETING_VERSION = 1.0;
				PRODUCT_BUNDLE_IDENTIFIER = com.theappcompany.APIServiceEndToEndTests;
				PRODUCT_NAME = "$(TARGET_NAME)";
				SDKROOT = macosx;
				SWIFT_EMIT_LOC_STRINGS = NO;
				SWIFT_VERSION = 5.0;
				TARGETED_DEVICE_FAMILY = "1,2";
				TEST_HOST = "$(BUILT_PRODUCTS_DIR)/EmojiApp.app/$(BUNDLE_EXECUTABLE_FOLDER_PATH)/EmojiApp";
				VALIDATE_PRODUCT = YES;
			};
			name = Release;
		};
		C63B670029EBFF85007A9C85 /* Debug */ = {
			isa = XCBuildConfiguration;
			buildSettings = {
				ALWAYS_SEARCH_USER_PATHS = NO;
				CLANG_ANALYZER_NONNULL = YES;
				CLANG_ANALYZER_NUMBER_OBJECT_CONVERSION = YES_AGGRESSIVE;
				CLANG_CXX_LANGUAGE_STANDARD = "gnu++20";
				CLANG_ENABLE_MODULES = YES;
				CLANG_ENABLE_OBJC_ARC = YES;
				CLANG_ENABLE_OBJC_WEAK = YES;
				CLANG_WARN_BLOCK_CAPTURE_AUTORELEASING = YES;
				CLANG_WARN_BOOL_CONVERSION = YES;
				CLANG_WARN_COMMA = YES;
				CLANG_WARN_CONSTANT_CONVERSION = YES;
				CLANG_WARN_DEPRECATED_OBJC_IMPLEMENTATIONS = YES;
				CLANG_WARN_DIRECT_OBJC_ISA_USAGE = YES_ERROR;
				CLANG_WARN_DOCUMENTATION_COMMENTS = YES;
				CLANG_WARN_EMPTY_BODY = YES;
				CLANG_WARN_ENUM_CONVERSION = YES;
				CLANG_WARN_INFINITE_RECURSION = YES;
				CLANG_WARN_INT_CONVERSION = YES;
				CLANG_WARN_NON_LITERAL_NULL_CONVERSION = YES;
				CLANG_WARN_OBJC_IMPLICIT_RETAIN_SELF = YES;
				CLANG_WARN_OBJC_LITERAL_CONVERSION = YES;
				CLANG_WARN_OBJC_ROOT_CLASS = YES_ERROR;
				CLANG_WARN_QUOTED_INCLUDE_IN_FRAMEWORK_HEADER = YES;
				CLANG_WARN_RANGE_LOOP_ANALYSIS = YES;
				CLANG_WARN_STRICT_PROTOTYPES = YES;
				CLANG_WARN_SUSPICIOUS_MOVE = YES;
				CLANG_WARN_UNGUARDED_AVAILABILITY = YES_AGGRESSIVE;
				CLANG_WARN_UNREACHABLE_CODE = YES;
				CLANG_WARN__DUPLICATE_METHOD_MATCH = YES;
				COPY_PHASE_STRIP = NO;
				DEBUG_INFORMATION_FORMAT = dwarf;
				ENABLE_STRICT_OBJC_MSGSEND = YES;
				ENABLE_TESTABILITY = YES;
				GCC_C_LANGUAGE_STANDARD = gnu11;
				GCC_DYNAMIC_NO_PIC = NO;
				GCC_NO_COMMON_BLOCKS = YES;
				GCC_OPTIMIZATION_LEVEL = 0;
				GCC_PREPROCESSOR_DEFINITIONS = (
					"DEBUG=1",
					"$(inherited)",
				);
				GCC_WARN_64_TO_32_BIT_CONVERSION = YES;
				GCC_WARN_ABOUT_RETURN_TYPE = YES_ERROR;
				GCC_WARN_UNDECLARED_SELECTOR = YES;
				GCC_WARN_UNINITIALIZED_AUTOS = YES_AGGRESSIVE;
				GCC_WARN_UNUSED_FUNCTION = YES;
				GCC_WARN_UNUSED_VARIABLE = YES;
				MTL_ENABLE_DEBUG_INFO = INCLUDE_SOURCE;
				MTL_FAST_MATH = YES;
				ONLY_ACTIVE_ARCH = YES;
				SWIFT_ACTIVE_COMPILATION_CONDITIONS = DEBUG;
				SWIFT_OPTIMIZATION_LEVEL = "-Onone";
			};
			name = Debug;
		};
		C63B670129EBFF85007A9C85 /* Release */ = {
			isa = XCBuildConfiguration;
			buildSettings = {
				ALWAYS_SEARCH_USER_PATHS = NO;
				CLANG_ANALYZER_NONNULL = YES;
				CLANG_ANALYZER_NUMBER_OBJECT_CONVERSION = YES_AGGRESSIVE;
				CLANG_CXX_LANGUAGE_STANDARD = "gnu++20";
				CLANG_ENABLE_MODULES = YES;
				CLANG_ENABLE_OBJC_ARC = YES;
				CLANG_ENABLE_OBJC_WEAK = YES;
				CLANG_WARN_BLOCK_CAPTURE_AUTORELEASING = YES;
				CLANG_WARN_BOOL_CONVERSION = YES;
				CLANG_WARN_COMMA = YES;
				CLANG_WARN_CONSTANT_CONVERSION = YES;
				CLANG_WARN_DEPRECATED_OBJC_IMPLEMENTATIONS = YES;
				CLANG_WARN_DIRECT_OBJC_ISA_USAGE = YES_ERROR;
				CLANG_WARN_DOCUMENTATION_COMMENTS = YES;
				CLANG_WARN_EMPTY_BODY = YES;
				CLANG_WARN_ENUM_CONVERSION = YES;
				CLANG_WARN_INFINITE_RECURSION = YES;
				CLANG_WARN_INT_CONVERSION = YES;
				CLANG_WARN_NON_LITERAL_NULL_CONVERSION = YES;
				CLANG_WARN_OBJC_IMPLICIT_RETAIN_SELF = YES;
				CLANG_WARN_OBJC_LITERAL_CONVERSION = YES;
				CLANG_WARN_OBJC_ROOT_CLASS = YES_ERROR;
				CLANG_WARN_QUOTED_INCLUDE_IN_FRAMEWORK_HEADER = YES;
				CLANG_WARN_RANGE_LOOP_ANALYSIS = YES;
				CLANG_WARN_STRICT_PROTOTYPES = YES;
				CLANG_WARN_SUSPICIOUS_MOVE = YES;
				CLANG_WARN_UNGUARDED_AVAILABILITY = YES_AGGRESSIVE;
				CLANG_WARN_UNREACHABLE_CODE = YES;
				CLANG_WARN__DUPLICATE_METHOD_MATCH = YES;
				COPY_PHASE_STRIP = NO;
				DEBUG_INFORMATION_FORMAT = "dwarf-with-dsym";
				ENABLE_NS_ASSERTIONS = NO;
				ENABLE_STRICT_OBJC_MSGSEND = YES;
				GCC_C_LANGUAGE_STANDARD = gnu11;
				GCC_NO_COMMON_BLOCKS = YES;
				GCC_WARN_64_TO_32_BIT_CONVERSION = YES;
				GCC_WARN_ABOUT_RETURN_TYPE = YES_ERROR;
				GCC_WARN_UNDECLARED_SELECTOR = YES;
				GCC_WARN_UNINITIALIZED_AUTOS = YES_AGGRESSIVE;
				GCC_WARN_UNUSED_FUNCTION = YES;
				GCC_WARN_UNUSED_VARIABLE = YES;
				MTL_ENABLE_DEBUG_INFO = NO;
				MTL_FAST_MATH = YES;
				SWIFT_COMPILATION_MODE = wholemodule;
				SWIFT_OPTIMIZATION_LEVEL = "-O";
			};
			name = Release;
		};
		C63B670329EBFF85007A9C85 /* Debug */ = {
			isa = XCBuildConfiguration;
			buildSettings = {
				ASSETCATALOG_COMPILER_APPICON_NAME = AppIcon;
				ASSETCATALOG_COMPILER_GLOBAL_ACCENT_COLOR_NAME = AccentColor;
				CODE_SIGN_ENTITLEMENTS = EmojiApp/EmojiApp.entitlements;
				CODE_SIGN_STYLE = Automatic;
				CURRENT_PROJECT_VERSION = 1;
				DEVELOPMENT_ASSET_PATHS = "\"EmojiApp/Preview Content\"";
				DEVELOPMENT_TEAM = C9XPG6AEKY;
				ENABLE_HARDENED_RUNTIME = YES;
				ENABLE_PREVIEWS = YES;
				GENERATE_INFOPLIST_FILE = YES;
				"INFOPLIST_KEY_UIApplicationSceneManifest_Generation[sdk=iphoneos*]" = YES;
				"INFOPLIST_KEY_UIApplicationSceneManifest_Generation[sdk=iphonesimulator*]" = YES;
				"INFOPLIST_KEY_UIApplicationSupportsIndirectInputEvents[sdk=iphoneos*]" = YES;
				"INFOPLIST_KEY_UIApplicationSupportsIndirectInputEvents[sdk=iphonesimulator*]" = YES;
				"INFOPLIST_KEY_UILaunchScreen_Generation[sdk=iphoneos*]" = YES;
				"INFOPLIST_KEY_UILaunchScreen_Generation[sdk=iphonesimulator*]" = YES;
				"INFOPLIST_KEY_UIStatusBarStyle[sdk=iphoneos*]" = UIStatusBarStyleDefault;
				"INFOPLIST_KEY_UIStatusBarStyle[sdk=iphonesimulator*]" = UIStatusBarStyleDefault;
				INFOPLIST_KEY_UISupportedInterfaceOrientations_iPad = "UIInterfaceOrientationPortrait UIInterfaceOrientationPortraitUpsideDown UIInterfaceOrientationLandscapeLeft UIInterfaceOrientationLandscapeRight";
				INFOPLIST_KEY_UISupportedInterfaceOrientations_iPhone = "UIInterfaceOrientationPortrait UIInterfaceOrientationLandscapeLeft UIInterfaceOrientationLandscapeRight";
				IPHONEOS_DEPLOYMENT_TARGET = 16.2;
				LD_RUNPATH_SEARCH_PATHS = "@executable_path/Frameworks";
				"LD_RUNPATH_SEARCH_PATHS[sdk=macosx*]" = "@executable_path/../Frameworks";
				MACOSX_DEPLOYMENT_TARGET = 13.1;
				MARKETING_VERSION = 1.0;
				PRODUCT_BUNDLE_IDENTIFIER = com.theappcompany.EmojiApp;
				PRODUCT_NAME = "$(TARGET_NAME)";
				SDKROOT = auto;
				SUPPORTED_PLATFORMS = "iphoneos iphonesimulator macosx";
				SWIFT_EMIT_LOC_STRINGS = YES;
				SWIFT_VERSION = 5.0;
				TARGETED_DEVICE_FAMILY = "1,2";
			};
			name = Debug;
		};
		C63B670429EBFF85007A9C85 /* Release */ = {
			isa = XCBuildConfiguration;
			buildSettings = {
				ASSETCATALOG_COMPILER_APPICON_NAME = AppIcon;
				ASSETCATALOG_COMPILER_GLOBAL_ACCENT_COLOR_NAME = AccentColor;
				CODE_SIGN_ENTITLEMENTS = EmojiApp/EmojiApp.entitlements;
				CODE_SIGN_STYLE = Automatic;
				CURRENT_PROJECT_VERSION = 1;
				DEVELOPMENT_ASSET_PATHS = "\"EmojiApp/Preview Content\"";
				DEVELOPMENT_TEAM = C9XPG6AEKY;
				ENABLE_HARDENED_RUNTIME = YES;
				ENABLE_PREVIEWS = YES;
				GENERATE_INFOPLIST_FILE = YES;
				"INFOPLIST_KEY_UIApplicationSceneManifest_Generation[sdk=iphoneos*]" = YES;
				"INFOPLIST_KEY_UIApplicationSceneManifest_Generation[sdk=iphonesimulator*]" = YES;
				"INFOPLIST_KEY_UIApplicationSupportsIndirectInputEvents[sdk=iphoneos*]" = YES;
				"INFOPLIST_KEY_UIApplicationSupportsIndirectInputEvents[sdk=iphonesimulator*]" = YES;
				"INFOPLIST_KEY_UILaunchScreen_Generation[sdk=iphoneos*]" = YES;
				"INFOPLIST_KEY_UILaunchScreen_Generation[sdk=iphonesimulator*]" = YES;
				"INFOPLIST_KEY_UIStatusBarStyle[sdk=iphoneos*]" = UIStatusBarStyleDefault;
				"INFOPLIST_KEY_UIStatusBarStyle[sdk=iphonesimulator*]" = UIStatusBarStyleDefault;
				INFOPLIST_KEY_UISupportedInterfaceOrientations_iPad = "UIInterfaceOrientationPortrait UIInterfaceOrientationPortraitUpsideDown UIInterfaceOrientationLandscapeLeft UIInterfaceOrientationLandscapeRight";
				INFOPLIST_KEY_UISupportedInterfaceOrientations_iPhone = "UIInterfaceOrientationPortrait UIInterfaceOrientationLandscapeLeft UIInterfaceOrientationLandscapeRight";
				IPHONEOS_DEPLOYMENT_TARGET = 16.2;
				LD_RUNPATH_SEARCH_PATHS = "@executable_path/Frameworks";
				"LD_RUNPATH_SEARCH_PATHS[sdk=macosx*]" = "@executable_path/../Frameworks";
				MACOSX_DEPLOYMENT_TARGET = 13.1;
				MARKETING_VERSION = 1.0;
				PRODUCT_BUNDLE_IDENTIFIER = com.theappcompany.EmojiApp;
				PRODUCT_NAME = "$(TARGET_NAME)";
				SDKROOT = auto;
				SUPPORTED_PLATFORMS = "iphoneos iphonesimulator macosx";
				SWIFT_EMIT_LOC_STRINGS = YES;
				SWIFT_VERSION = 5.0;
				TARGETED_DEVICE_FAMILY = "1,2";
			};
			name = Release;
		};
		C63B671029EBFF96007A9C85 /* Debug */ = {
			isa = XCBuildConfiguration;
			buildSettings = {
				BUNDLE_LOADER = "$(TEST_HOST)";
				CODE_SIGN_STYLE = Automatic;
				CURRENT_PROJECT_VERSION = 1;
				DEVELOPMENT_TEAM = C9XPG6AEKY;
				GENERATE_INFOPLIST_FILE = YES;
				IPHONEOS_DEPLOYMENT_TARGET = 16.2;
				MARKETING_VERSION = 1.0;
				PRODUCT_BUNDLE_IDENTIFIER = com.theappcompany.EmojiAppTests;
				PRODUCT_NAME = "$(TARGET_NAME)";
				SDKROOT = macosx;
				SWIFT_EMIT_LOC_STRINGS = NO;
				SWIFT_VERSION = 5.0;
				TARGETED_DEVICE_FAMILY = "1,2";
				TEST_HOST = "$(BUILT_PRODUCTS_DIR)/EmojiApp.app/$(BUNDLE_EXECUTABLE_FOLDER_PATH)/EmojiApp";
			};
			name = Debug;
		};
		C63B671129EBFF96007A9C85 /* Release */ = {
			isa = XCBuildConfiguration;
			buildSettings = {
				BUNDLE_LOADER = "$(TEST_HOST)";
				CODE_SIGN_STYLE = Automatic;
				CURRENT_PROJECT_VERSION = 1;
				DEVELOPMENT_TEAM = C9XPG6AEKY;
				GENERATE_INFOPLIST_FILE = YES;
				IPHONEOS_DEPLOYMENT_TARGET = 16.2;
				MARKETING_VERSION = 1.0;
				PRODUCT_BUNDLE_IDENTIFIER = com.theappcompany.EmojiAppTests;
				PRODUCT_NAME = "$(TARGET_NAME)";
				SDKROOT = macosx;
				SWIFT_EMIT_LOC_STRINGS = NO;
				SWIFT_VERSION = 5.0;
				TARGETED_DEVICE_FAMILY = "1,2";
				TEST_HOST = "$(BUILT_PRODUCTS_DIR)/EmojiApp.app/$(BUNDLE_EXECUTABLE_FOLDER_PATH)/EmojiApp";
				VALIDATE_PRODUCT = YES;
			};
			name = Release;
		};
/* End XCBuildConfiguration section */

/* Begin XCConfigurationList section */
		84ECB53929EED094009CC648 /* Build configuration list for PBXNativeTarget "APIServiceEndToEndTests" */ = {
			isa = XCConfigurationList;
			buildConfigurations = (
				84ECB53A29EED094009CC648 /* Debug */,
				84ECB53B29EED094009CC648 /* Release */,
			);
			defaultConfigurationIsVisible = 0;
			defaultConfigurationName = Release;
		};
		C63B66EE29EBFF84007A9C85 /* Build configuration list for PBXProject "EmojiApp" */ = {
			isa = XCConfigurationList;
			buildConfigurations = (
				C63B670029EBFF85007A9C85 /* Debug */,
				C63B670129EBFF85007A9C85 /* Release */,
			);
			defaultConfigurationIsVisible = 0;
			defaultConfigurationName = Release;
		};
		C63B670229EBFF85007A9C85 /* Build configuration list for PBXNativeTarget "EmojiApp" */ = {
			isa = XCConfigurationList;
			buildConfigurations = (
				C63B670329EBFF85007A9C85 /* Debug */,
				C63B670429EBFF85007A9C85 /* Release */,
			);
			defaultConfigurationIsVisible = 0;
			defaultConfigurationName = Release;
		};
		C63B670F29EBFF96007A9C85 /* Build configuration list for PBXNativeTarget "EmojiAppTests" */ = {
			isa = XCConfigurationList;
			buildConfigurations = (
				C63B671029EBFF96007A9C85 /* Debug */,
				C63B671129EBFF96007A9C85 /* Release */,
			);
			defaultConfigurationIsVisible = 0;
			defaultConfigurationName = Release;
		};
/* End XCConfigurationList section */
	};
	rootObject = C63B66EB29EBFF84007A9C85 /* Project object */;
}
